// !$*UTF8*$!
{
	archiveVersion = 1;
	classes = {
	};
	objectVersion = 50;
	objects = {

/* Begin PBXBuildFile section */
		7E23D63827B8F3FF0067DB84 /* AppDelegate.swift in Sources */ = {isa = PBXBuildFile; fileRef = 7E23D63727B8F3FF0067DB84 /* AppDelegate.swift */; };
		7E23D63A27B8F3FF0067DB84 /* SceneDelegate.swift in Sources */ = {isa = PBXBuildFile; fileRef = 7E23D63927B8F3FF0067DB84 /* SceneDelegate.swift */; };
		7E23D63C27B8F3FF0067DB84 /* ViewController.swift in Sources */ = {isa = PBXBuildFile; fileRef = 7E23D63B27B8F3FF0067DB84 /* ViewController.swift */; };
		7E23D63F27B8F3FF0067DB84 /* Main.storyboard in Resources */ = {isa = PBXBuildFile; fileRef = 7E23D63D27B8F3FF0067DB84 /* Main.storyboard */; };
		7E23D64127B8F4000067DB84 /* Assets.xcassets in Resources */ = {isa = PBXBuildFile; fileRef = 7E23D64027B8F4000067DB84 /* Assets.xcassets */; };
		7E23D64427B8F4000067DB84 /* LaunchScreen.storyboard in Resources */ = {isa = PBXBuildFile; fileRef = 7E23D64227B8F4000067DB84 /* LaunchScreen.storyboard */; };
		7E23D65127B8FBEE0067DB84 /* TxtFTableViewCell.swift in Sources */ = {isa = PBXBuildFile; fileRef = 7E23D65027B8FBEE0067DB84 /* TxtFTableViewCell.swift */; };
		7E23D65527B8FE630067DB84 /* AddTableViewCell.swift in Sources */ = {isa = PBXBuildFile; fileRef = 7E23D65327B8FE630067DB84 /* AddTableViewCell.swift */; };
		7E23D65627B8FE630067DB84 /* AddTableViewCell.xib in Resources */ = {isa = PBXBuildFile; fileRef = 7E23D65427B8FE630067DB84 /* AddTableViewCell.xib */; };
		7E3C976927BE673D0044F756 /* CountryViewController.swift in Sources */ = {isa = PBXBuildFile; fileRef = 7E3C976827BE673D0044F756 /* CountryViewController.swift */; };
		7E89A24127C32098008B085D /* AddCustomLabelTableViewCell.swift in Sources */ = {isa = PBXBuildFile; fileRef = 7E89A23F27C32098008B085D /* AddCustomLabelTableViewCell.swift */; };
		7E89A24227C32098008B085D /* AddCustomLabelTableViewCell.xib in Resources */ = {isa = PBXBuildFile; fileRef = 7E89A24027C32098008B085D /* AddCustomLabelTableViewCell.xib */; };
		7EA89C0827BB5974000127E5 /* AddPhoneViewController.swift in Sources */ = {isa = PBXBuildFile; fileRef = 7EA89C0727BB5974000127E5 /* AddPhoneViewController.swift */; };
		7EA973D727BF89170081BE82 /* CountryTableViewCell.swift in Sources */ = {isa = PBXBuildFile; fileRef = 7EA973D627BF89170081BE82 /* CountryTableViewCell.swift */; };
		7EB3E02027BA469A00744E7C /* Data.swift in Sources */ = {isa = PBXBuildFile; fileRef = 7EB3E01F27BA469900744E7C /* Data.swift */; };
		7EB3E02427BA91F300744E7C /* AddPhoneTableViewCell.swift in Sources */ = {isa = PBXBuildFile; fileRef = 7EB3E02227BA91F300744E7C /* AddPhoneTableViewCell.swift */; };
		7EB3E02527BA91F300744E7C /* AddPhoneTableViewCell.xib in Resources */ = {isa = PBXBuildFile; fileRef = 7EB3E02327BA91F300744E7C /* AddPhoneTableViewCell.xib */; };
		7EB6484027BDA75F00363978 /* AddAddressTableViewCell.swift in Sources */ = {isa = PBXBuildFile; fileRef = 7EB6483E27BDA75F00363978 /* AddAddressTableViewCell.swift */; };
		7EB6484127BDA75F00363978 /* AddAddressTableViewCell.xib in Resources */ = {isa = PBXBuildFile; fileRef = 7EB6483F27BDA75F00363978 /* AddAddressTableViewCell.xib */; };
/* End PBXBuildFile section */

/* Begin PBXFileReference section */
		7E23D63427B8F3FF0067DB84 /* AddContact.app */ = {isa = PBXFileReference; explicitFileType = wrapper.application; includeInIndex = 0; path = AddContact.app; sourceTree = BUILT_PRODUCTS_DIR; };
		7E23D63727B8F3FF0067DB84 /* AppDelegate.swift */ = {isa = PBXFileReference; lastKnownFileType = sourcecode.swift; path = AppDelegate.swift; sourceTree = "<group>"; };
		7E23D63927B8F3FF0067DB84 /* SceneDelegate.swift */ = {isa = PBXFileReference; lastKnownFileType = sourcecode.swift; path = SceneDelegate.swift; sourceTree = "<group>"; };
		7E23D63B27B8F3FF0067DB84 /* ViewController.swift */ = {isa = PBXFileReference; lastKnownFileType = sourcecode.swift; path = ViewController.swift; sourceTree = "<group>"; };
		7E23D63E27B8F3FF0067DB84 /* Base */ = {isa = PBXFileReference; lastKnownFileType = file.storyboard; name = Base; path = Base.lproj/Main.storyboard; sourceTree = "<group>"; };
		7E23D64027B8F4000067DB84 /* Assets.xcassets */ = {isa = PBXFileReference; lastKnownFileType = folder.assetcatalog; path = Assets.xcassets; sourceTree = "<group>"; };
		7E23D64327B8F4000067DB84 /* Base */ = {isa = PBXFileReference; lastKnownFileType = file.storyboard; name = Base; path = Base.lproj/LaunchScreen.storyboard; sourceTree = "<group>"; };
		7E23D64527B8F4000067DB84 /* Info.plist */ = {isa = PBXFileReference; lastKnownFileType = text.plist.xml; path = Info.plist; sourceTree = "<group>"; };
		7E23D65027B8FBEE0067DB84 /* TxtFTableViewCell.swift */ = {isa = PBXFileReference; lastKnownFileType = sourcecode.swift; path = TxtFTableViewCell.swift; sourceTree = "<group>"; };
		7E23D65327B8FE630067DB84 /* AddTableViewCell.swift */ = {isa = PBXFileReference; lastKnownFileType = sourcecode.swift; path = AddTableViewCell.swift; sourceTree = "<group>"; };
		7E23D65427B8FE630067DB84 /* AddTableViewCell.xib */ = {isa = PBXFileReference; lastKnownFileType = file.xib; path = AddTableViewCell.xib; sourceTree = "<group>"; };
		7E3C976827BE673D0044F756 /* CountryViewController.swift */ = {isa = PBXFileReference; lastKnownFileType = sourcecode.swift; path = CountryViewController.swift; sourceTree = "<group>"; };
		7E89A23F27C32098008B085D /* AddCustomLabelTableViewCell.swift */ = {isa = PBXFileReference; lastKnownFileType = sourcecode.swift; path = AddCustomLabelTableViewCell.swift; sourceTree = "<group>"; };
		7E89A24027C32098008B085D /* AddCustomLabelTableViewCell.xib */ = {isa = PBXFileReference; lastKnownFileType = file.xib; path = AddCustomLabelTableViewCell.xib; sourceTree = "<group>"; };
		7EA89C0727BB5974000127E5 /* AddPhoneViewController.swift */ = {isa = PBXFileReference; lastKnownFileType = sourcecode.swift; path = AddPhoneViewController.swift; sourceTree = "<group>"; };
		7EA973D627BF89170081BE82 /* CountryTableViewCell.swift */ = {isa = PBXFileReference; lastKnownFileType = sourcecode.swift; path = CountryTableViewCell.swift; sourceTree = "<group>"; };
		7EB3E01F27BA469900744E7C /* Data.swift */ = {isa = PBXFileReference; lastKnownFileType = sourcecode.swift; path = Data.swift; sourceTree = "<group>"; };
		7EB3E02227BA91F300744E7C /* AddPhoneTableViewCell.swift */ = {isa = PBXFileReference; lastKnownFileType = sourcecode.swift; path = AddPhoneTableViewCell.swift; sourceTree = "<group>"; };
		7EB3E02327BA91F300744E7C /* AddPhoneTableViewCell.xib */ = {isa = PBXFileReference; lastKnownFileType = file.xib; path = AddPhoneTableViewCell.xib; sourceTree = "<group>"; };
		7EB6483E27BDA75F00363978 /* AddAddressTableViewCell.swift */ = {isa = PBXFileReference; lastKnownFileType = sourcecode.swift; path = AddAddressTableViewCell.swift; sourceTree = "<group>"; };
		7EB6483F27BDA75F00363978 /* AddAddressTableViewCell.xib */ = {isa = PBXFileReference; lastKnownFileType = file.xib; path = AddAddressTableViewCell.xib; sourceTree = "<group>"; };
/* End PBXFileReference section */

/* Begin PBXFrameworksBuildPhase section */
		7E23D63127B8F3FF0067DB84 /* Frameworks */ = {
			isa = PBXFrameworksBuildPhase;
			buildActionMask = 2147483647;
			files = (
			);
			runOnlyForDeploymentPostprocessing = 0;
		};
/* End PBXFrameworksBuildPhase section */

/* Begin PBXGroup section */
		7E23D62B27B8F3FF0067DB84 = {
			isa = PBXGroup;
			children = (
				7E23D63627B8F3FF0067DB84 /* AddContact */,
				7E23D63527B8F3FF0067DB84 /* Products */,
			);
			sourceTree = "<group>";
		};
		7E23D63527B8F3FF0067DB84 /* Products */ = {
			isa = PBXGroup;
			children = (
				7E23D63427B8F3FF0067DB84 /* AddContact.app */,
			);
			name = Products;
			sourceTree = "<group>";
		};
		7E23D63627B8F3FF0067DB84 /* AddContact */ = {
			isa = PBXGroup;
			children = (
				7E23D63727B8F3FF0067DB84 /* AppDelegate.swift */,
				7E23D63927B8F3FF0067DB84 /* SceneDelegate.swift */,
				7E23D63B27B8F3FF0067DB84 /* ViewController.swift */,
				7EA89C0727BB5974000127E5 /* AddPhoneViewController.swift */,
				7E3C976827BE673D0044F756 /* CountryViewController.swift */,
				7E23D63D27B8F3FF0067DB84 /* Main.storyboard */,
				7E23D64027B8F4000067DB84 /* Assets.xcassets */,
				7E23D64227B8F4000067DB84 /* LaunchScreen.storyboard */,
				7E23D64527B8F4000067DB84 /* Info.plist */,
				7E23D65027B8FBEE0067DB84 /* TxtFTableViewCell.swift */,
				7E23D65327B8FE630067DB84 /* AddTableViewCell.swift */,
				7E23D65427B8FE630067DB84 /* AddTableViewCell.xib */,
				7EB3E01F27BA469900744E7C /* Data.swift */,
				7EB3E02227BA91F300744E7C /* AddPhoneTableViewCell.swift */,
				7EB3E02327BA91F300744E7C /* AddPhoneTableViewCell.xib */,
				7EB6483E27BDA75F00363978 /* AddAddressTableViewCell.swift */,
				7EB6483F27BDA75F00363978 /* AddAddressTableViewCell.xib */,
				7EA973D627BF89170081BE82 /* CountryTableViewCell.swift */,
				7E89A23F27C32098008B085D /* AddCustomLabelTableViewCell.swift */,
				7E89A24027C32098008B085D /* AddCustomLabelTableViewCell.xib */,
			);
			path = AddContact;
			sourceTree = "<group>";
		};
/* End PBXGroup section */

/* Begin PBXNativeTarget section */
		7E23D63327B8F3FF0067DB84 /* AddContact */ = {
			isa = PBXNativeTarget;
			buildConfigurationList = 7E23D64827B8F4000067DB84 /* Build configuration list for PBXNativeTarget "AddContact" */;
			buildPhases = (
				7E23D63027B8F3FF0067DB84 /* Sources */,
				7E23D63127B8F3FF0067DB84 /* Frameworks */,
				7E23D63227B8F3FF0067DB84 /* Resources */,
			);
			buildRules = (
			);
			dependencies = (
			);
			name = AddContact;
			productName = AddContact;
			productReference = 7E23D63427B8F3FF0067DB84 /* AddContact.app */;
			productType = "com.apple.product-type.application";
		};
/* End PBXNativeTarget section */

/* Begin PBXProject section */
		7E23D62C27B8F3FF0067DB84 /* Project object */ = {
			isa = PBXProject;
			attributes = {
				LastSwiftUpdateCheck = 1210;
				LastUpgradeCheck = 1210;
				TargetAttributes = {
					7E23D63327B8F3FF0067DB84 = {
						CreatedOnToolsVersion = 12.1;
					};
				};
			};
			buildConfigurationList = 7E23D62F27B8F3FF0067DB84 /* Build configuration list for PBXProject "AddContact" */;
			compatibilityVersion = "Xcode 9.3";
			developmentRegion = en;
			hasScannedForEncodings = 0;
			knownRegions = (
				en,
				Base,
			);
			mainGroup = 7E23D62B27B8F3FF0067DB84;
			productRefGroup = 7E23D63527B8F3FF0067DB84 /* Products */;
			projectDirPath = "";
			projectRoot = "";
			targets = (
				7E23D63327B8F3FF0067DB84 /* AddContact */,
			);
		};
/* End PBXProject section */

/* Begin PBXResourcesBuildPhase section */
		7E23D63227B8F3FF0067DB84 /* Resources */ = {
			isa = PBXResourcesBuildPhase;
			buildActionMask = 2147483647;
			files = (
				7E89A24227C32098008B085D /* AddCustomLabelTableViewCell.xib in Resources */,
				7E23D64427B8F4000067DB84 /* LaunchScreen.storyboard in Resources */,
				7E23D65627B8FE630067DB84 /* AddTableViewCell.xib in Resources */,
				7E23D64127B8F4000067DB84 /* Assets.xcassets in Resources */,
				7E23D63F27B8F3FF0067DB84 /* Main.storyboard in Resources */,
				7EB6484127BDA75F00363978 /* AddAddressTableViewCell.xib in Resources */,
				7EB3E02527BA91F300744E7C /* AddPhoneTableViewCell.xib in Resources */,
			);
			runOnlyForDeploymentPostprocessing = 0;
		};
/* End PBXResourcesBuildPhase section */

/* Begin PBXSourcesBuildPhase section */
		7E23D63027B8F3FF0067DB84 /* Sources */ = {
			isa = PBXSourcesBuildPhase;
			buildActionMask = 2147483647;
			files = (
				7E23D65527B8FE630067DB84 /* AddTableViewCell.swift in Sources */,
				7EA89C0827BB5974000127E5 /* AddPhoneViewController.swift in Sources */,
				7EB3E02027BA469A00744E7C /* Data.swift in Sources */,
				7EA973D727BF89170081BE82 /* CountryTableViewCell.swift in Sources */,
				7E3C976927BE673D0044F756 /* CountryViewController.swift in Sources */,
				7E89A24127C32098008B085D /* AddCustomLabelTableViewCell.swift in Sources */,
				7E23D63C27B8F3FF0067DB84 /* ViewController.swift in Sources */,
				7E23D63827B8F3FF0067DB84 /* AppDelegate.swift in Sources */,
				7EB6484027BDA75F00363978 /* AddAddressTableViewCell.swift in Sources */,
				7EB3E02427BA91F300744E7C /* AddPhoneTableViewCell.swift in Sources */,
				7E23D63A27B8F3FF0067DB84 /* SceneDelegate.swift in Sources */,
				7E23D65127B8FBEE0067DB84 /* TxtFTableViewCell.swift in Sources */,
			);
			runOnlyForDeploymentPostprocessing = 0;
		};
/* End PBXSourcesBuildPhase section */

/* Begin PBXVariantGroup section */
		7E23D63D27B8F3FF0067DB84 /* Main.storyboard */ = {
			isa = PBXVariantGroup;
			children = (
				7E23D63E27B8F3FF0067DB84 /* Base */,
			);
			name = Main.storyboard;
			sourceTree = "<group>";
		};
		7E23D64227B8F4000067DB84 /* LaunchScreen.storyboard */ = {
			isa = PBXVariantGroup;
			children = (
				7E23D64327B8F4000067DB84 /* Base */,
			);
			name = LaunchScreen.storyboard;
			sourceTree = "<group>";
		};
/* End PBXVariantGroup section */

/* Begin XCBuildConfiguration section */
		7E23D64627B8F4000067DB84 /* Debug */ = {
			isa = XCBuildConfiguration;
			buildSettings = {
				ALWAYS_SEARCH_USER_PATHS = NO;
				CLANG_ANALYZER_NONNULL = YES;
				CLANG_ANALYZER_NUMBER_OBJECT_CONVERSION = YES_AGGRESSIVE;
				CLANG_CXX_LANGUAGE_STANDARD = "gnu++14";
				CLANG_CXX_LIBRARY = "libc++";
				CLANG_ENABLE_MODULES = YES;
				CLANG_ENABLE_OBJC_ARC = YES;
				CLANG_ENABLE_OBJC_WEAK = YES;
				CLANG_WARN_BLOCK_CAPTURE_AUTORELEASING = YES;
				CLANG_WARN_BOOL_CONVERSION = YES;
				CLANG_WARN_COMMA = YES;
				CLANG_WARN_CONSTANT_CONVERSION = YES;
				CLANG_WARN_DEPRECATED_OBJC_IMPLEMENTATIONS = YES;
				CLANG_WARN_DIRECT_OBJC_ISA_USAGE = YES_ERROR;
				CLANG_WARN_DOCUMENTATION_COMMENTS = YES;
				CLANG_WARN_EMPTY_BODY = YES;
				CLANG_WARN_ENUM_CONVERSION = YES;
				CLANG_WARN_INFINITE_RECURSION = YES;
				CLANG_WARN_INT_CONVERSION = YES;
				CLANG_WARN_NON_LITERAL_NULL_CONVERSION = YES;
				CLANG_WARN_OBJC_IMPLICIT_RETAIN_SELF = YES;
				CLANG_WARN_OBJC_LITERAL_CONVERSION = YES;
				CLANG_WARN_OBJC_ROOT_CLASS = YES_ERROR;
				CLANG_WARN_QUOTED_INCLUDE_IN_FRAMEWORK_HEADER = YES;
				CLANG_WARN_RANGE_LOOP_ANALYSIS = YES;
				CLANG_WARN_STRICT_PROTOTYPES = YES;
				CLANG_WARN_SUSPICIOUS_MOVE = YES;
				CLANG_WARN_UNGUARDED_AVAILABILITY = YES_AGGRESSIVE;
				CLANG_WARN_UNREACHABLE_CODE = YES;
				CLANG_WARN__DUPLICATE_METHOD_MATCH = YES;
				COPY_PHASE_STRIP = NO;
				DEBUG_INFORMATION_FORMAT = dwarf;
				ENABLE_STRICT_OBJC_MSGSEND = YES;
				ENABLE_TESTABILITY = YES;
				GCC_C_LANGUAGE_STANDARD = gnu11;
				GCC_DYNAMIC_NO_PIC = NO;
				GCC_NO_COMMON_BLOCKS = YES;
				GCC_OPTIMIZATION_LEVEL = 0;
				GCC_PREPROCESSOR_DEFINITIONS = (
					"DEBUG=1",
					"$(inherited)",
				);
				GCC_WARN_64_TO_32_BIT_CONVERSION = YES;
				GCC_WARN_ABOUT_RETURN_TYPE = YES_ERROR;
				GCC_WARN_UNDECLARED_SELECTOR = YES;
				GCC_WARN_UNINITIALIZED_AUTOS = YES_AGGRESSIVE;
				GCC_WARN_UNUSED_FUNCTION = YES;
				GCC_WARN_UNUSED_VARIABLE = YES;
				IPHONEOS_DEPLOYMENT_TARGET = 14.1;
				MTL_ENABLE_DEBUG_INFO = INCLUDE_SOURCE;
				MTL_FAST_MATH = YES;
				ONLY_ACTIVE_ARCH = YES;
				SDKROOT = iphoneos;
				SWIFT_ACTIVE_COMPILATION_CONDITIONS = DEBUG;
				SWIFT_OPTIMIZATION_LEVEL = "-Onone";
			};
			name = Debug;
		};
		7E23D64727B8F4000067DB84 /* Release */ = {
			isa = XCBuildConfiguration;
			buildSettings = {
				ALWAYS_SEARCH_USER_PATHS = NO;
				CLANG_ANALYZER_NONNULL = YES;
				CLANG_ANALYZER_NUMBER_OBJECT_CONVERSION = YES_AGGRESSIVE;
				CLANG_CXX_LANGUAGE_STANDARD = "gnu++14";
				CLANG_CXX_LIBRARY = "libc++";
				CLANG_ENABLE_MODULES = YES;
				CLANG_ENABLE_OBJC_ARC = YES;
				CLANG_ENABLE_OBJC_WEAK = YES;
				CLANG_WARN_BLOCK_CAPTURE_AUTORELEASING = YES;
				CLANG_WARN_BOOL_CONVERSION = YES;
				CLANG_WARN_COMMA = YES;
				CLANG_WARN_CONSTANT_CONVERSION = YES;
				CLANG_WARN_DEPRECATED_OBJC_IMPLEMENTATIONS = YES;
				CLANG_WARN_DIRECT_OBJC_ISA_USAGE = YES_ERROR;
				CLANG_WARN_DOCUMENTATION_COMMENTS = YES;
				CLANG_WARN_EMPTY_BODY = YES;
				CLANG_WARN_ENUM_CONVERSION = YES;
				CLANG_WARN_INFINITE_RECURSION = YES;
				CLANG_WARN_INT_CONVERSION = YES;
				CLANG_WARN_NON_LITERAL_NULL_CONVERSION = YES;
				CLANG_WARN_OBJC_IMPLICIT_RETAIN_SELF = YES;
				CLANG_WARN_OBJC_LITERAL_CONVERSION = YES;
				CLANG_WARN_OBJC_ROOT_CLASS = YES_ERROR;
				CLANG_WARN_QUOTED_INCLUDE_IN_FRAMEWORK_HEADER = YES;
				CLANG_WARN_RANGE_LOOP_ANALYSIS = YES;
				CLANG_WARN_STRICT_PROTOTYPES = YES;
				CLANG_WARN_SUSPICIOUS_MOVE = YES;
				CLANG_WARN_UNGUARDED_AVAILABILITY = YES_AGGRESSIVE;
				CLANG_WARN_UNREACHABLE_CODE = YES;
				CLANG_WARN__DUPLICATE_METHOD_MATCH = YES;
				COPY_PHASE_STRIP = NO;
				DEBUG_INFORMATION_FORMAT = "dwarf-with-dsym";
				ENABLE_NS_ASSERTIONS = NO;
				ENABLE_STRICT_OBJC_MSGSEND = YES;
				GCC_C_LANGUAGE_STANDARD = gnu11;
				GCC_NO_COMMON_BLOCKS = YES;
				GCC_WARN_64_TO_32_BIT_CONVERSION = YES;
				GCC_WARN_ABOUT_RETURN_TYPE = YES_ERROR;
				GCC_WARN_UNDECLARED_SELECTOR = YES;
				GCC_WARN_UNINITIALIZED_AUTOS = YES_AGGRESSIVE;
				GCC_WARN_UNUSED_FUNCTION = YES;
				GCC_WARN_UNUSED_VARIABLE = YES;
				IPHONEOS_DEPLOYMENT_TARGET = 14.1;
				MTL_ENABLE_DEBUG_INFO = NO;
				MTL_FAST_MATH = YES;
				SDKROOT = iphoneos;
				SWIFT_COMPILATION_MODE = wholemodule;
				SWIFT_OPTIMIZATION_LEVEL = "-O";
				VALIDATE_PRODUCT = YES;
			};
			name = Release;
		};
		7E23D64927B8F4000067DB84 /* Debug */ = {
			isa = XCBuildConfiguration;
			buildSettings = {
				ASSETCATALOG_COMPILER_APPICON_NAME = AppIcon;
				ASSETCATALOG_COMPILER_GLOBAL_ACCENT_COLOR_NAME = AccentColor;
				CODE_SIGN_STYLE = Automatic;
				DEVELOPMENT_TEAM = TTNMNDU6PP;
				INFOPLIST_FILE = AddContact/Info.plist;
				LD_RUNPATH_SEARCH_PATHS = (
					"$(inherited)",
					"@executable_path/Frameworks",
				);
				PRODUCT_BUNDLE_IDENTIFIER = RutujaHulsure.AddContact;
				PRODUCT_NAME = "$(TARGET_NAME)";
				SWIFT_VERSION = 5.0;
				TARGETED_DEVICE_FAMILY = "1,2";
			};
			name = Debug;
		};
		7E23D64A27B8F4000067DB84 /* Release */ = {
			isa = XCBuildConfiguration;
			buildSettings = {
				ASSETCATALOG_COMPILER_APPICON_NAME = AppIcon;
				ASSETCATALOG_COMPILER_GLOBAL_ACCENT_COLOR_NAME = AccentColor;
				CODE_SIGN_STYLE = Automatic;
				DEVELOPMENT_TEAM = TTNMNDU6PP;
				INFOPLIST_FILE = AddContact/Info.plist;
				LD_RUNPATH_SEARCH_PATHS = (
					"$(inherited)",
					"@executable_path/Frameworks",
				);
				PRODUCT_BUNDLE_IDENTIFIER = RutujaHulsure.AddContact;
				PRODUCT_NAME = "$(TARGET_NAME)";
				SWIFT_VERSION = 5.0;
				TARGETED_DEVICE_FAMILY = "1,2";
			};
			name = Release;
		};
/* End XCBuildConfiguration section */

/* Begin XCConfigurationList section */
		7E23D62F27B8F3FF0067DB84 /* Build configuration list for PBXProject "AddContact" */ = {
			isa = XCConfigurationList;
			buildConfigurations = (
				7E23D64627B8F4000067DB84 /* Debug */,
				7E23D64727B8F4000067DB84 /* Release */,
			);
			defaultConfigurationIsVisible = 0;
			defaultConfigurationName = Release;
		};
		7E23D64827B8F4000067DB84 /* Build configuration list for PBXNativeTarget "AddContact" */ = {
			isa = XCConfigurationList;
			buildConfigurations = (
				7E23D64927B8F4000067DB84 /* Debug */,
				7E23D64A27B8F4000067DB84 /* Release */,
			);
			defaultConfigurationIsVisible = 0;
			defaultConfigurationName = Release;
		};
/* End XCConfigurationList section */
	};
	rootObject = 7E23D62C27B8F3FF0067DB84 /* Project object */;
}
